// !$*UTF8*$!
{
	archiveVersion = 1;
	classes = {
	};
	objectVersion = 50;
	objects = {

/* Begin PBXBuildFile section */
		5257766B20D400BA00D7952F /* LoginViewController.swift in Sources */ = {isa = PBXBuildFile; fileRef = 5257766A20D400BA00D7952F /* LoginViewController.swift */; };
		5257766D20D402B700D7952F /* User.swift in Sources */ = {isa = PBXBuildFile; fileRef = 5257766C20D402B700D7952F /* User.swift */; };
		5257767120D4076A00D7952F /* UIViewController.swift in Sources */ = {isa = PBXBuildFile; fileRef = 5257767020D4076A00D7952F /* UIViewController.swift */; };
		52E0848420EF843E009C9F31 /* GoogleService-Info.plist in Resources */ = {isa = PBXBuildFile; fileRef = 52E0848320EF843E009C9F31 /* GoogleService-Info.plist */; };
		52E144DA20B8F5B200A9F5EF /* AppDelegate.swift in Sources */ = {isa = PBXBuildFile; fileRef = 52E144D920B8F5B200A9F5EF /* AppDelegate.swift */; };
		52E144DF20B8F5B200A9F5EF /* Main.storyboard in Resources */ = {isa = PBXBuildFile; fileRef = 52E144DD20B8F5B200A9F5EF /* Main.storyboard */; };
		52E144E120B8F5B300A9F5EF /* Assets.xcassets in Resources */ = {isa = PBXBuildFile; fileRef = 52E144E020B8F5B300A9F5EF /* Assets.xcassets */; };
		52E144E420B8F5B300A9F5EF /* LaunchScreen.storyboard in Resources */ = {isa = PBXBuildFile; fileRef = 52E144E220B8F5B300A9F5EF /* LaunchScreen.storyboard */; };
		52E144EF20B8F8BE00A9F5EF /* TaskListTableViewController.swift in Sources */ = {isa = PBXBuildFile; fileRef = 52E144EE20B8F8BE00A9F5EF /* TaskListTableViewController.swift */; };
		52E144F120B9033E00A9F5EF /* Task.swift in Sources */ = {isa = PBXBuildFile; fileRef = 52E144F020B9033E00A9F5EF /* Task.swift */; };
		52E144F320B9063A00A9F5EF /* TaskCollection.swift in Sources */ = {isa = PBXBuildFile; fileRef = 52E144F220B9063A00A9F5EF /* TaskCollection.swift */; };
		52E144F520B9195200A9F5EF /* TaskViewController.swift in Sources */ = {isa = PBXBuildFile; fileRef = 52E144F420B9195200A9F5EF /* TaskViewController.swift */; };
		58D9EB14E182173A7AB67E84 /* Pods_todo.framework in Frameworks */ = {isa = PBXBuildFile; fileRef = D290F67B1BC01FC8597A6670 /* Pods_todo.framework */; };
/* End PBXBuildFile section */

/* Begin PBXFileReference section */
		340A79EF96C622F4B62EC09B /* Pods-todo.release.xcconfig */ = {isa = PBXFileReference; includeInIndex = 1; lastKnownFileType = text.xcconfig; name = "Pods-todo.release.xcconfig"; path = "Pods/Target Support Files/Pods-todo/Pods-todo.release.xcconfig"; sourceTree = "<group>"; };
		5257766A20D400BA00D7952F /* LoginViewController.swift */ = {isa = PBXFileReference; lastKnownFileType = sourcecode.swift; path = LoginViewController.swift; sourceTree = "<group>"; };
		5257766C20D402B700D7952F /* User.swift */ = {isa = PBXFileReference; lastKnownFileType = sourcecode.swift; path = User.swift; sourceTree = "<group>"; };
		5257767020D4076A00D7952F /* UIViewController.swift */ = {isa = PBXFileReference; lastKnownFileType = sourcecode.swift; path = UIViewController.swift; sourceTree = "<group>"; };
		52E0848320EF843E009C9F31 /* GoogleService-Info.plist */ = {isa = PBXFileReference; fileEncoding = 4; lastKnownFileType = text.plist.xml; path = "GoogleService-Info.plist"; sourceTree = "<group>"; };
		52E144D620B8F5B200A9F5EF /* todo.app */ = {isa = PBXFileReference; explicitFileType = wrapper.application; includeInIndex = 0; path = todo.app; sourceTree = BUILT_PRODUCTS_DIR; };
		52E144D920B8F5B200A9F5EF /* AppDelegate.swift */ = {isa = PBXFileReference; lastKnownFileType = sourcecode.swift; path = AppDelegate.swift; sourceTree = "<group>"; };
		52E144DE20B8F5B200A9F5EF /* Base */ = {isa = PBXFileReference; lastKnownFileType = file.storyboard; name = Base; path = Base.lproj/Main.storyboard; sourceTree = "<group>"; };
		52E144E020B8F5B300A9F5EF /* Assets.xcassets */ = {isa = PBXFileReference; lastKnownFileType = folder.assetcatalog; path = Assets.xcassets; sourceTree = "<group>"; };
		52E144E320B8F5B300A9F5EF /* Base */ = {isa = PBXFileReference; lastKnownFileType = file.storyboard; name = Base; path = Base.lproj/LaunchScreen.storyboard; sourceTree = "<group>"; };
		52E144E520B8F5B300A9F5EF /* Info.plist */ = {isa = PBXFileReference; lastKnownFileType = text.plist.xml; path = Info.plist; sourceTree = "<group>"; };
		52E144EE20B8F8BE00A9F5EF /* TaskListTableViewController.swift */ = {isa = PBXFileReference; lastKnownFileType = sourcecode.swift; path = TaskListTableViewController.swift; sourceTree = "<group>"; };
		52E144F020B9033E00A9F5EF /* Task.swift */ = {isa = PBXFileReference; lastKnownFileType = sourcecode.swift; path = Task.swift; sourceTree = "<group>"; };
		52E144F220B9063A00A9F5EF /* TaskCollection.swift */ = {isa = PBXFileReference; lastKnownFileType = sourcecode.swift; path = TaskCollection.swift; sourceTree = "<group>"; };
		52E144F420B9195200A9F5EF /* TaskViewController.swift */ = {isa = PBXFileReference; lastKnownFileType = sourcecode.swift; path = TaskViewController.swift; sourceTree = "<group>"; };
		684657C3E018D6EB28DEF809 /* Pods-todo.debug.xcconfig */ = {isa = PBXFileReference; includeInIndex = 1; lastKnownFileType = text.xcconfig; name = "Pods-todo.debug.xcconfig"; path = "Pods/Target Support Files/Pods-todo/Pods-todo.debug.xcconfig"; sourceTree = "<group>"; };
		D290F67B1BC01FC8597A6670 /* Pods_todo.framework */ = {isa = PBXFileReference; explicitFileType = wrapper.framework; includeInIndex = 0; path = Pods_todo.framework; sourceTree = BUILT_PRODUCTS_DIR; };
/* End PBXFileReference section */

/* Begin PBXFrameworksBuildPhase section */
		52E144D320B8F5B200A9F5EF /* Frameworks */ = {
			isa = PBXFrameworksBuildPhase;
			buildActionMask = 2147483647;
			files = (
				58D9EB14E182173A7AB67E84 /* Pods_todo.framework in Frameworks */,
			);
			runOnlyForDeploymentPostprocessing = 0;
		};
/* End PBXFrameworksBuildPhase section */

/* Begin PBXGroup section */
		1DA190CF31C67D42C981A2C2 /* Frameworks */ = {
			isa = PBXGroup;
			children = (
				D290F67B1BC01FC8597A6670 /* Pods_todo.framework */,
			);
			name = Frameworks;
			sourceTree = "<group>";
		};
		5257766E20D405C300D7952F /* Extensions */ = {
			isa = PBXGroup;
			children = (
				5257767020D4076A00D7952F /* UIViewController.swift */,
			);
			path = Extensions;
			sourceTree = "<group>";
		};
		52E144CD20B8F5B200A9F5EF = {
			isa = PBXGroup;
			children = (
				52E144D820B8F5B200A9F5EF /* todo */,
				52E144D720B8F5B200A9F5EF /* Products */,
				9C34E90D65E20F0A169E17A5 /* Pods */,
				1DA190CF31C67D42C981A2C2 /* Frameworks */,
			);
			sourceTree = "<group>";
		};
		52E144D720B8F5B200A9F5EF /* Products */ = {
			isa = PBXGroup;
			children = (
				52E144D620B8F5B200A9F5EF /* todo.app */,
			);
			name = Products;
			sourceTree = "<group>";
		};
		52E144D820B8F5B200A9F5EF /* todo */ = {
			isa = PBXGroup;
			children = (
				5257766E20D405C300D7952F /* Extensions */,
				52E144EC20B8F71500A9F5EF /* Models */,
				52E144ED20B8F71C00A9F5EF /* Views */,
				52E144EB20B8F70A00A9F5EF /* Controllers */,
				52E144D920B8F5B200A9F5EF /* AppDelegate.swift */,
				52E144DD20B8F5B200A9F5EF /* Main.storyboard */,
				52E144E020B8F5B300A9F5EF /* Assets.xcassets */,
				52E144E220B8F5B300A9F5EF /* LaunchScreen.storyboard */,
				52E144E520B8F5B300A9F5EF /* Info.plist */,
				52E0848320EF843E009C9F31 /* GoogleService-Info.plist */,
			);
			path = todo;
			sourceTree = "<group>";
		};
		52E144EB20B8F70A00A9F5EF /* Controllers */ = {
			isa = PBXGroup;
			children = (
				52E144EE20B8F8BE00A9F5EF /* TaskListTableViewController.swift */,
				52E144F420B9195200A9F5EF /* TaskViewController.swift */,
				5257766A20D400BA00D7952F /* LoginViewController.swift */,
			);
			path = Controllers;
			sourceTree = "<group>";
		};
		52E144EC20B8F71500A9F5EF /* Models */ = {
			isa = PBXGroup;
			children = (
				52E144F020B9033E00A9F5EF /* Task.swift */,
				52E144F220B9063A00A9F5EF /* TaskCollection.swift */,
				5257766C20D402B700D7952F /* User.swift */,
			);
			path = Models;
			sourceTree = "<group>";
		};
		52E144ED20B8F71C00A9F5EF /* Views */ = {
			isa = PBXGroup;
			children = (
			);
			path = Views;
			sourceTree = "<group>";
		};
		9C34E90D65E20F0A169E17A5 /* Pods */ = {
			isa = PBXGroup;
			children = (
				684657C3E018D6EB28DEF809 /* Pods-todo.debug.xcconfig */,
				340A79EF96C622F4B62EC09B /* Pods-todo.release.xcconfig */,
			);
			name = Pods;
			sourceTree = "<group>";
		};
/* End PBXGroup section */

/* Begin PBXNativeTarget section */
		52E144D520B8F5B200A9F5EF /* todo */ = {
			isa = PBXNativeTarget;
			buildConfigurationList = 52E144E820B8F5B300A9F5EF /* Build configuration list for PBXNativeTarget "todo" */;
			buildPhases = (
				15A8A184F80FEA400B17D388 /* [CP] Check Pods Manifest.lock */,
				52E144D220B8F5B200A9F5EF /* Sources */,
				52E144D320B8F5B200A9F5EF /* Frameworks */,
				52E144D420B8F5B200A9F5EF /* Resources */,
				A5DF8577676F50F6F2E0D56C /* [CP] Embed Pods Frameworks */,
				295BE983CEB174564E549EC5 /* [CP] Copy Pods Resources */,
			);
			buildRules = (
			);
			dependencies = (
			);
			name = todo;
			productName = todo;
			productReference = 52E144D620B8F5B200A9F5EF /* todo.app */;
			productType = "com.apple.product-type.application";
		};
/* End PBXNativeTarget section */

/* Begin PBXProject section */
		52E144CE20B8F5B200A9F5EF /* Project object */ = {
			isa = PBXProject;
			attributes = {
				LastSwiftUpdateCheck = 0930;
				LastUpgradeCheck = 0930;
				ORGANIZATIONNAME = "中村太一";
				TargetAttributes = {
					52E144D520B8F5B200A9F5EF = {
						CreatedOnToolsVersion = 9.3.1;
					};
				};
			};
			buildConfigurationList = 52E144D120B8F5B200A9F5EF /* Build configuration list for PBXProject "todo" */;
			compatibilityVersion = "Xcode 9.3";
			developmentRegion = en;
			hasScannedForEncodings = 0;
			knownRegions = (
				en,
				Base,
			);
			mainGroup = 52E144CD20B8F5B200A9F5EF;
			productRefGroup = 52E144D720B8F5B200A9F5EF /* Products */;
			projectDirPath = "";
			projectRoot = "";
			targets = (
				52E144D520B8F5B200A9F5EF /* todo */,
			);
		};
/* End PBXProject section */

/* Begin PBXResourcesBuildPhase section */
		52E144D420B8F5B200A9F5EF /* Resources */ = {
			isa = PBXResourcesBuildPhase;
			buildActionMask = 2147483647;
			files = (
				52E144E420B8F5B300A9F5EF /* LaunchScreen.storyboard in Resources */,
				52E0848420EF843E009C9F31 /* GoogleService-Info.plist in Resources */,
				52E144E120B8F5B300A9F5EF /* Assets.xcassets in Resources */,
				52E144DF20B8F5B200A9F5EF /* Main.storyboard in Resources */,
			);
			runOnlyForDeploymentPostprocessing = 0;
		};
/* End PBXResourcesBuildPhase section */

/* Begin PBXShellScriptBuildPhase section */
		15A8A184F80FEA400B17D388 /* [CP] Check Pods Manifest.lock */ = {
			isa = PBXShellScriptBuildPhase;
			buildActionMask = 2147483647;
			files = (
			);
			inputPaths = (
				"${PODS_PODFILE_DIR_PATH}/Podfile.lock",
				"${PODS_ROOT}/Manifest.lock",
			);
			name = "[CP] Check Pods Manifest.lock";
			outputPaths = (
				"$(DERIVED_FILE_DIR)/Pods-todo-checkManifestLockResult.txt",
			);
			runOnlyForDeploymentPostprocessing = 0;
			shellPath = /bin/sh;
			shellScript = "diff \"${PODS_PODFILE_DIR_PATH}/Podfile.lock\" \"${PODS_ROOT}/Manifest.lock\" > /dev/null\nif [ $? != 0 ] ; then\n    # print error to STDERR\n    echo \"error: The sandbox is not in sync with the Podfile.lock. Run 'pod install' or update your CocoaPods installation.\" >&2\n    exit 1\nfi\n# This output is used by Xcode 'outputs' to avoid re-running this script phase.\necho \"SUCCESS\" > \"${SCRIPT_OUTPUT_FILE_0}\"\n";
			showEnvVarsInLog = 0;
		};
		295BE983CEB174564E549EC5 /* [CP] Copy Pods Resources */ = {
			isa = PBXShellScriptBuildPhase;
			buildActionMask = 2147483647;
			files = (
			);
			inputPaths = (
				"${SRCROOT}/Pods/Target Support Files/Pods-todo/Pods-todo-resources.sh",
				"${PODS_ROOT}/GoogleMaps/Maps/Frameworks/GoogleMaps.framework/Resources/GoogleMaps.bundle",
			);
			name = "[CP] Copy Pods Resources";
			outputPaths = (
				"${TARGET_BUILD_DIR}/${UNLOCALIZED_RESOURCES_FOLDER_PATH}/GoogleMaps.bundle",
			);
			runOnlyForDeploymentPostprocessing = 0;
			shellPath = /bin/sh;
			shellScript = "\"${SRCROOT}/Pods/Target Support Files/Pods-todo/Pods-todo-resources.sh\"\n";
			showEnvVarsInLog = 0;
		};
		A5DF8577676F50F6F2E0D56C /* [CP] Embed Pods Frameworks */ = {
			isa = PBXShellScriptBuildPhase;
			buildActionMask = 2147483647;
			files = (
			);
			inputPaths = (
				"${SRCROOT}/Pods/Target Support Files/Pods-todo/Pods-todo-frameworks.sh",
				"${BUILT_PRODUCTS_DIR}/BoringSSL/openssl.framework",
				"${BUILT_PRODUCTS_DIR}/GTMSessionFetcher/GTMSessionFetcher.framework",
				"${BUILT_PRODUCTS_DIR}/GoogleToolboxForMac/GoogleToolboxForMac.framework",
				"${BUILT_PRODUCTS_DIR}/PKHUD/PKHUD.framework",
				"${BUILT_PRODUCTS_DIR}/Protobuf/Protobuf.framework",
				"${BUILT_PRODUCTS_DIR}/gRPC/GRPCClient.framework",
				"${BUILT_PRODUCTS_DIR}/gRPC-Core/grpc.framework",
				"${BUILT_PRODUCTS_DIR}/gRPC-ProtoRPC/ProtoRPC.framework",
				"${BUILT_PRODUCTS_DIR}/gRPC-RxLibrary/RxLibrary.framework",
				"${BUILT_PRODUCTS_DIR}/leveldb-library/leveldb.framework",
				"${BUILT_PRODUCTS_DIR}/nanopb/nanopb.framework",
			);
			name = "[CP] Embed Pods Frameworks";
			outputPaths = (
				"${TARGET_BUILD_DIR}/${FRAMEWORKS_FOLDER_PATH}/openssl.framework",
				"${TARGET_BUILD_DIR}/${FRAMEWORKS_FOLDER_PATH}/GTMSessionFetcher.framework",
				"${TARGET_BUILD_DIR}/${FRAMEWORKS_FOLDER_PATH}/GoogleToolboxForMac.framework",
				"${TARGET_BUILD_DIR}/${FRAMEWORKS_FOLDER_PATH}/PKHUD.framework",
				"${TARGET_BUILD_DIR}/${FRAMEWORKS_FOLDER_PATH}/Protobuf.framework",
				"${TARGET_BUILD_DIR}/${FRAMEWORKS_FOLDER_PATH}/GRPCClient.framework",
				"${TARGET_BUILD_DIR}/${FRAMEWORKS_FOLDER_PATH}/grpc.framework",
				"${TARGET_BUILD_DIR}/${FRAMEWORKS_FOLDER_PATH}/ProtoRPC.framework",
				"${TARGET_BUILD_DIR}/${FRAMEWORKS_FOLDER_PATH}/RxLibrary.framework",
				"${TARGET_BUILD_DIR}/${FRAMEWORKS_FOLDER_PATH}/leveldb.framework",
				"${TARGET_BUILD_DIR}/${FRAMEWORKS_FOLDER_PATH}/nanopb.framework",
			);
			runOnlyForDeploymentPostprocessing = 0;
			shellPath = /bin/sh;
			shellScript = "\"${SRCROOT}/Pods/Target Support Files/Pods-todo/Pods-todo-frameworks.sh\"\n";
			showEnvVarsInLog = 0;
		};
/* End PBXShellScriptBuildPhase section */

/* Begin PBXSourcesBuildPhase section */
		52E144D220B8F5B200A9F5EF /* Sources */ = {
			isa = PBXSourcesBuildPhase;
			buildActionMask = 2147483647;
			files = (
				5257766B20D400BA00D7952F /* LoginViewController.swift in Sources */,
				52E144F520B9195200A9F5EF /* TaskViewController.swift in Sources */,
				52E144EF20B8F8BE00A9F5EF /* TaskListTableViewController.swift in Sources */,
				52E144F120B9033E00A9F5EF /* Task.swift in Sources */,
				52E144F320B9063A00A9F5EF /* TaskCollection.swift in Sources */,
				52E144DA20B8F5B200A9F5EF /* AppDelegate.swift in Sources */,
				5257767120D4076A00D7952F /* UIViewController.swift in Sources */,
				5257766D20D402B700D7952F /* User.swift in Sources */,
			);
			runOnlyForDeploymentPostprocessing = 0;
		};
/* End PBXSourcesBuildPhase section */

/* Begin PBXVariantGroup section */
		52E144DD20B8F5B200A9F5EF /* Main.storyboard */ = {
			isa = PBXVariantGroup;
			children = (
				52E144DE20B8F5B200A9F5EF /* Base */,
			);
			name = Main.storyboard;
			sourceTree = "<group>";
		};
		52E144E220B8F5B300A9F5EF /* LaunchScreen.storyboard */ = {
			isa = PBXVariantGroup;
			children = (
				52E144E320B8F5B300A9F5EF /* Base */,
			);
			name = LaunchScreen.storyboard;
			sourceTree = "<group>";
		};
/* End PBXVariantGroup section */

/* Begin XCBuildConfiguration section */
		52E144E620B8F5B300A9F5EF /* Debug */ = {
			isa = XCBuildConfiguration;
			buildSettings = {
				ALWAYS_SEARCH_USER_PATHS = NO;
				CLANG_ANALYZER_NONNULL = YES;
				CLANG_ANALYZER_NUMBER_OBJECT_CONVERSION = YES_AGGRESSIVE;
				CLANG_CXX_LANGUAGE_STANDARD = "gnu++14";
				CLANG_CXX_LIBRARY = "libc++";
				CLANG_ENABLE_MODULES = YES;
				CLANG_ENABLE_OBJC_ARC = YES;
				CLANG_ENABLE_OBJC_WEAK = YES;
				CLANG_WARN_BLOCK_CAPTURE_AUTORELEASING = YES;
				CLANG_WARN_BOOL_CONVERSION = YES;
				CLANG_WARN_COMMA = YES;
				CLANG_WARN_CONSTANT_CONVERSION = YES;
				CLANG_WARN_DEPRECATED_OBJC_IMPLEMENTATIONS = YES;
				CLANG_WARN_DIRECT_OBJC_ISA_USAGE = YES_ERROR;
				CLANG_WARN_DOCUMENTATION_COMMENTS = YES;
				CLANG_WARN_EMPTY_BODY = YES;
				CLANG_WARN_ENUM_CONVERSION = YES;
				CLANG_WARN_INFINITE_RECURSION = YES;
				CLANG_WARN_INT_CONVERSION = YES;
				CLANG_WARN_NON_LITERAL_NULL_CONVERSION = YES;
				CLANG_WARN_OBJC_IMPLICIT_RETAIN_SELF = YES;
				CLANG_WARN_OBJC_LITERAL_CONVERSION = YES;
				CLANG_WARN_OBJC_ROOT_CLASS = YES_ERROR;
				CLANG_WARN_RANGE_LOOP_ANALYSIS = YES;
				CLANG_WARN_STRICT_PROTOTYPES = YES;
				CLANG_WARN_SUSPICIOUS_MOVE = YES;
				CLANG_WARN_UNGUARDED_AVAILABILITY = YES_AGGRESSIVE;
				CLANG_WARN_UNREACHABLE_CODE = YES;
				CLANG_WARN__DUPLICATE_METHOD_MATCH = YES;
				CODE_SIGN_IDENTITY = "iPhone Developer";
				COPY_PHASE_STRIP = NO;
				DEBUG_INFORMATION_FORMAT = dwarf;
				ENABLE_STRICT_OBJC_MSGSEND = YES;
				ENABLE_TESTABILITY = YES;
				GCC_C_LANGUAGE_STANDARD = gnu11;
				GCC_DYNAMIC_NO_PIC = NO;
				GCC_NO_COMMON_BLOCKS = YES;
				GCC_OPTIMIZATION_LEVEL = 0;
				GCC_PREPROCESSOR_DEFINITIONS = (
					"DEBUG=1",
					"$(inherited)",
				);
				GCC_WARN_64_TO_32_BIT_CONVERSION = YES;
				GCC_WARN_ABOUT_RETURN_TYPE = YES_ERROR;
				GCC_WARN_UNDECLARED_SELECTOR = YES;
				GCC_WARN_UNINITIALIZED_AUTOS = YES_AGGRESSIVE;
				GCC_WARN_UNUSED_FUNCTION = YES;
				GCC_WARN_UNUSED_VARIABLE = YES;
				IPHONEOS_DEPLOYMENT_TARGET = 11.3;
				MTL_ENABLE_DEBUG_INFO = YES;
				ONLY_ACTIVE_ARCH = YES;
				SDKROOT = iphoneos;
				SWIFT_ACTIVE_COMPILATION_CONDITIONS = DEBUG;
				SWIFT_OPTIMIZATION_LEVEL = "-Onone";
			};
			name = Debug;
		};
		52E144E720B8F5B300A9F5EF /* Release */ = {
			isa = XCBuildConfiguration;
			buildSettings = {
				ALWAYS_SEARCH_USER_PATHS = NO;
				CLANG_ANALYZER_NONNULL = YES;
				CLANG_ANALYZER_NUMBER_OBJECT_CONVERSION = YES_AGGRESSIVE;
				CLANG_CXX_LANGUAGE_STANDARD = "gnu++14";
				CLANG_CXX_LIBRARY = "libc++";
				CLANG_ENABLE_MODULES = YES;
				CLANG_ENABLE_OBJC_ARC = YES;
				CLANG_ENABLE_OBJC_WEAK = YES;
				CLANG_WARN_BLOCK_CAPTURE_AUTORELEASING = YES;
				CLANG_WARN_BOOL_CONVERSION = YES;
				CLANG_WARN_COMMA = YES;
				CLANG_WARN_CONSTANT_CONVERSION = YES;
				CLANG_WARN_DEPRECATED_OBJC_IMPLEMENTATIONS = YES;
				CLANG_WARN_DIRECT_OBJC_ISA_USAGE = YES_ERROR;
				CLANG_WARN_DOCUMENTATION_COMMENTS = YES;
				CLANG_WARN_EMPTY_BODY = YES;
				CLANG_WARN_ENUM_CONVERSION = YES;
				CLANG_WARN_INFINITE_RECURSION = YES;
				CLANG_WARN_INT_CONVERSION = YES;
				CLANG_WARN_NON_LITERAL_NULL_CONVERSION = YES;
				CLANG_WARN_OBJC_IMPLICIT_RETAIN_SELF = YES;
				CLANG_WARN_OBJC_LITERAL_CONVERSION = YES;
				CLANG_WARN_OBJC_ROOT_CLASS = YES_ERROR;
				CLANG_WARN_RANGE_LOOP_ANALYSIS = YES;
				CLANG_WARN_STRICT_PROTOTYPES = YES;
				CLANG_WARN_SUSPICIOUS_MOVE = YES;
				CLANG_WARN_UNGUARDED_AVAILABILITY = YES_AGGRESSIVE;
				CLANG_WARN_UNREACHABLE_CODE = YES;
				CLANG_WARN__DUPLICATE_METHOD_MATCH = YES;
				CODE_SIGN_IDENTITY = "iPhone Developer";
				COPY_PHASE_STRIP = NO;
				DEBUG_INFORMATION_FORMAT = "dwarf-with-dsym";
				ENABLE_NS_ASSERTIONS = NO;
				ENABLE_STRICT_OBJC_MSGSEND = YES;
				GCC_C_LANGUAGE_STANDARD = gnu11;
				GCC_NO_COMMON_BLOCKS = YES;
				GCC_WARN_64_TO_32_BIT_CONVERSION = YES;
				GCC_WARN_ABOUT_RETURN_TYPE = YES_ERROR;
				GCC_WARN_UNDECLARED_SELECTOR = YES;
				GCC_WARN_UNINITIALIZED_AUTOS = YES_AGGRESSIVE;
				GCC_WARN_UNUSED_FUNCTION = YES;
				GCC_WARN_UNUSED_VARIABLE = YES;
				IPHONEOS_DEPLOYMENT_TARGET = 11.3;
				MTL_ENABLE_DEBUG_INFO = NO;
				SDKROOT = iphoneos;
				SWIFT_COMPILATION_MODE = wholemodule;
				SWIFT_OPTIMIZATION_LEVEL = "-O";
				VALIDATE_PRODUCT = YES;
			};
			name = Release;
		};
		52E144E920B8F5B300A9F5EF /* Debug */ = {
			isa = XCBuildConfiguration;
			baseConfigurationReference = 684657C3E018D6EB28DEF809 /* Pods-todo.debug.xcconfig */;
			buildSettings = {
				ASSETCATALOG_COMPILER_APPICON_NAME = AppIcon;
				CODE_SIGN_STYLE = Automatic;
				DEVELOPMENT_TEAM = 89HKZH99NL;
				INFOPLIST_FILE = todo/Info.plist;
				LD_RUNPATH_SEARCH_PATHS = (
					"$(inherited)",
					"@executable_path/Frameworks",
				);
				PRODUCT_BUNDLE_IDENTIFIER = jp.co.asaichi.ios.todo;
				PRODUCT_NAME = "$(TARGET_NAME)";
				SWIFT_VERSION = 4.0;
				TARGETED_DEVICE_FAMILY = "1,2";
			};
			name = Debug;
		};
		52E144EA20B8F5B300A9F5EF /* Release */ = {
			isa = XCBuildConfiguration;
			baseConfigurationReference = 340A79EF96C622F4B62EC09B /* Pods-todo.release.xcconfig */;
			buildSettings = {
				ASSETCATALOG_COMPILER_APPICON_NAME = AppIcon;
				CODE_SIGN_STYLE = Automatic;
				DEVELOPMENT_TEAM = 89HKZH99NL;
				INFOPLIST_FILE = todo/Info.plist;
				LD_RUNPATH_SEARCH_PATHS = (
					"$(inherited)",
					"@executable_path/Frameworks",
				);
				PRODUCT_BUNDLE_IDENTIFIER = jp.co.asaichi.ios.todo;
				PRODUCT_NAME = "$(TARGET_NAME)";
				SWIFT_VERSION = 4.0;
				TARGETED_DEVICE_FAMILY = "1,2";
			};
			name = Release;
		};
/* End XCBuildConfiguration section */

/* Begin XCConfigurationList section */
		52E144D120B8F5B200A9F5EF /* Build configuration list for PBXProject "todo" */ = {
			isa = XCConfigurationList;
			buildConfigurations = (
				52E144E620B8F5B300A9F5EF /* Debug */,
				52E144E720B8F5B300A9F5EF /* Release */,
			);
			defaultConfigurationIsVisible = 0;
			defaultConfigurationName = Release;
		};
		52E144E820B8F5B300A9F5EF /* Build configuration list for PBXNativeTarget "todo" */ = {
			isa = XCConfigurationList;
			buildConfigurations = (
				52E144E920B8F5B300A9F5EF /* Debug */,
				52E144EA20B8F5B300A9F5EF /* Release */,
			);
			defaultConfigurationIsVisible = 0;
			defaultConfigurationName = Release;
		};
/* End XCConfigurationList section */
	};
	rootObject = 52E144CE20B8F5B200A9F5EF /* Project object */;
}
